github.com/Ajatt-Tools/jmdict-go v0.0.0-20240527213413-1cfd3b2cc8ff h1:H/S9ecDrfSkKthWEFg3/GLUT7MXqWGd3PGvDshk9xHw=
github.com/Ajatt-Tools/jmdict-go v0.0.0-20240527213413-1cfd3b2cc8ff/go.mod h1:L2Wk/OD4rA+0aErttCHeXgZklLeyb6z+g8e3oOzlCes=
github.com/Ajatt-Tools/zero-epwing-go v0.0.0-20240527214642-d57afb3f2b46 h1:KeiwNtfXHGnOJBsi93cQIJY3yPURTo+PY2plgV6bUHs=
github.com/Ajatt-Tools/zero-epwing-go v0.0.0-20240527214642-d57afb3f2b46/go.mod h1:9BW+A8dxxYLQmV+XaM2ImcFwKHE2xOazY/tv7EGkie8=
github.com/andlabs/ui v0.0.0-20200610043537-70a69d6ae31e h1:wSQCJiig/QkoUnpvelSPbLiZNWvh2yMqQTQvIQqSUkU=
github.com/andlabs/ui v0.0.0-20200610043537-70a69d6ae31e/go.mod h1:5G2EjwzgZUPnnReoKvPWVneT8APYbyKkihDVAHUi0II=
github.com/mattn/go-sqlite3 v1.14.24 h1:tpSp2G2KyMnnQu99ngJ47EIkWVmliIizyZBfPrBWDRM=
github.com/mattn/go-sqlite3 v1.14.24/go.mod h1:Uh1q+B4BYcTPb+yiD3kU8Ct7aC0hY9fxUwlHK0RXw+Y=
golang.org/x/exp v0.0.0-20241009180824-f66d83c29e7c h1:7dEasQXItcW1xKJ2+gg5VOiBnqWrJc+rq0DPKyvvdbY=
golang.org/x/exp v0.0.0-20241009180824-f66d83c29e7c/go.mod h1:NQtJDoLvd6faHhE7m4T/1IY708gDefGGjR/iUW8yQQ8=
golang.org/x/text v0.19.0 h1:kTxAhCbGbxhK0IwgSKiMO5awPoDQ0RpfiVYBfK860YM=
golang.org/x/text v0.19.0/go.mod h1:BuEKDfySbSR4drPmRPG/7iBdf8hvFMuRexcpahXilzY=
